
Microsoft Visual Studio Solution File, Format Version 12.00
# Visual Studio Version 16
VisualStudioVersion = 16.0.30011.22
MinimumVisualStudioVersion = 10.0.40219.1
Project("{FAE04EC0-301F-11D3-BF4B-00C04F79EFBC}") = "Extension", "Extension\Extension.csproj", "{C6E70DDC-6E1D-4A93-AD9D-9274C8E47286}"
EndProject
Project("{FAE04EC0-301F-11D3-BF4B-00C04F79EFBC}") = "Extension.Tests", "Extension.Tests\Extension.Tests.csproj", "{A42DE444-2B67-4889-9D8A-A3C69E142107}"
EndProject
Global
	GlobalSection(SolutionConfigurationPlatforms) = preSolution
		Debug|Any CPU = Debug|Any CPU
		Release|Any CPU = Release|Any CPU
	EndGlobalSection
	GlobalSection(ProjectConfigurationPlatforms) = postSolution
		{C6E70DDC-6E1D-4A93-AD9D-9274C8E47286}.Debug|Any CPU.ActiveCfg = Debug|Any CPU
		{C6E70DDC-6E1D-4A93-AD9D-9274C8E47286}.Debug|Any CPU.Build.0 = Debug|Any CPU
		{C6E70DDC-6E1D-4A93-AD9D-9274C8E47286}.Release|Any CPU.ActiveCfg = Release|Any CPU
		{C6E70DDC-6E1D-4A93-AD9D-9274C8E47286}.Release|Any CPU.Build.0 = Release|Any CPU
		{A42DE444-2B67-4889-9D8A-A3C69E142107}.Debug|Any CPU.ActiveCfg = Debug|Any CPU
		{A42DE444-2B67-4889-9D8A-A3C69E142107}.Debug|Any CPU.Build.0 = Debug|Any CPU
		{A42DE444-2B67-4889-9D8A-A3C69E142107}.Release|Any CPU.ActiveCfg = Release|Any CPU
		{A42DE444-2B67-4889-9D8A-A3C69E142107}.Release|Any CPU.Build.0 = Release|Any CPU
	EndGlobalSection
	GlobalSection(SolutionProperties) = preSolution
		HideSolutionNode = FALSE
	EndGlobalSection
	GlobalSection(ExtensibilityGlobals) = postSolution
		SolutionGuid = {20CE3041-00FA-4C3C-BA57-41000045AD43}
	EndGlobalSection
EndGlobal
