
Microsoft Visual Studio Solution File, Format Version 12.00
# Visual Studio Version 16
VisualStudioVersion = 16.0.30503.244
MinimumVisualStudioVersion = 10.0.40219.1
Project("{FAE04EC0-301F-11D3-BF4B-00C04F79EFBC}") = "ValidationLibrary", "ValidationLibrary\ValidationLibrary.csproj", "{452BE3D6-0E9B-49B6-992A-F0E039F7532E}"
EndProject
Project("{FAE04EC0-301F-11D3-BF4B-00C04F79EFBC}") = "ValidationLibrary.Tests", "ValidationLibrary.Tests\ValidationLibrary.Tests.csproj", "{54C2FC08-77F4-47ED-9BB1-28996AF26C25}"
EndProject
Global
	GlobalSection(SolutionConfigurationPlatforms) = preSolution
		Debug|Any CPU = Debug|Any CPU
		Release|Any CPU = Release|Any CPU
	EndGlobalSection
	GlobalSection(ProjectConfigurationPlatforms) = postSolution
		{452BE3D6-0E9B-49B6-992A-F0E039F7532E}.Debug|Any CPU.ActiveCfg = Debug|Any CPU
		{452BE3D6-0E9B-49B6-992A-F0E039F7532E}.Debug|Any CPU.Build.0 = Debug|Any CPU
		{452BE3D6-0E9B-49B6-992A-F0E039F7532E}.Release|Any CPU.ActiveCfg = Release|Any CPU
		{452BE3D6-0E9B-49B6-992A-F0E039F7532E}.Release|Any CPU.Build.0 = Release|Any CPU
		{54C2FC08-77F4-47ED-9BB1-28996AF26C25}.Debug|Any CPU.ActiveCfg = Debug|Any CPU
		{54C2FC08-77F4-47ED-9BB1-28996AF26C25}.Debug|Any CPU.Build.0 = Debug|Any CPU
		{54C2FC08-77F4-47ED-9BB1-28996AF26C25}.Release|Any CPU.ActiveCfg = Release|Any CPU
		{54C2FC08-77F4-47ED-9BB1-28996AF26C25}.Release|Any CPU.Build.0 = Release|Any CPU
	EndGlobalSection
	GlobalSection(SolutionProperties) = preSolution
		HideSolutionNode = FALSE
	EndGlobalSection
	GlobalSection(ExtensibilityGlobals) = postSolution
		SolutionGuid = {91662E49-9CCC-4223-9D9F-C1D297257E2C}
	EndGlobalSection
EndGlobal
