
Microsoft Visual Studio Solution File, Format Version 12.00
Project("{FAE04EC0-301F-11D3-BF4B-00C04F79EFBC}") = "Aggregation", "Aggregation\Aggregation.csproj", "{F319DD6C-D409-434C-923D-581CA5D4DAF0}"
EndProject
Project("{FAE04EC0-301F-11D3-BF4B-00C04F79EFBC}") = "Aggregation.Tests", "Aggregation.Tests\Aggregation.Tests.csproj", "{33BA7FAA-1E27-4DDE-99BD-90624D19A4BB}"
EndProject
Global
	GlobalSection(SolutionConfigurationPlatforms) = preSolution
		Debug|Any CPU = Debug|Any CPU
		Release|Any CPU = Release|Any CPU
	EndGlobalSection
	GlobalSection(ProjectConfigurationPlatforms) = postSolution
		{F319DD6C-D409-434C-923D-581CA5D4DAF0}.Debug|Any CPU.ActiveCfg = Debug|Any CPU
		{F319DD6C-D409-434C-923D-581CA5D4DAF0}.Debug|Any CPU.Build.0 = Debug|Any CPU
		{F319DD6C-D409-434C-923D-581CA5D4DAF0}.Release|Any CPU.ActiveCfg = Release|Any CPU
		{F319DD6C-D409-434C-923D-581CA5D4DAF0}.Release|Any CPU.Build.0 = Release|Any CPU
		{33BA7FAA-1E27-4DDE-99BD-90624D19A4BB}.Debug|Any CPU.ActiveCfg = Debug|Any CPU
		{33BA7FAA-1E27-4DDE-99BD-90624D19A4BB}.Debug|Any CPU.Build.0 = Debug|Any CPU
		{33BA7FAA-1E27-4DDE-99BD-90624D19A4BB}.Release|Any CPU.ActiveCfg = Release|Any CPU
		{33BA7FAA-1E27-4DDE-99BD-90624D19A4BB}.Release|Any CPU.Build.0 = Release|Any CPU
	EndGlobalSection
EndGlobal
